
Microsoft Visual Studio Solution File, Format Version 12.00
# Visual Studio Version 16
VisualStudioVersion = 16.0.30011.22
MinimumVisualStudioVersion = 10.0.40219.1
Project("{FAE04EC0-301F-11D3-BF4B-00C04F79EFBC}") = "WebChallenges", "WebChallenges\WebChallenges.csproj", "{FD596EFC-4FEE-48A3-887E-3C465AE8E230}"
EndProject
Project("{FAE04EC0-301F-11D3-BF4B-00C04F79EFBC}") = "WebChallenges.Domain", "WebChallenges.Domain\WebChallenges.Domain.csproj", "{74FB42F3-B902-4275-8187-DB35CEB3500A}"
EndProject
Project("{FAE04EC0-301F-11D3-BF4B-00C04F79EFBC}") = "WebChallenges.Infrastructure", "WebChallenges.Infrastructure\WebChallenges.Infrastructure.csproj", "{1372E677-7E88-474A-91FA-6EA174B88E79}"
EndProject
Global
	GlobalSection(SolutionConfigurationPlatforms) = preSolution
		Debug|Any CPU = Debug|Any CPU
		Release|Any CPU = Release|Any CPU
	EndGlobalSection
	GlobalSection(ProjectConfigurationPlatforms) = postSolution
		{FD596EFC-4FEE-48A3-887E-3C465AE8E230}.Debug|Any CPU.ActiveCfg = Debug|Any CPU
		{FD596EFC-4FEE-48A3-887E-3C465AE8E230}.Debug|Any CPU.Build.0 = Debug|Any CPU
		{FD596EFC-4FEE-48A3-887E-3C465AE8E230}.Release|Any CPU.ActiveCfg = Release|Any CPU
		{FD596EFC-4FEE-48A3-887E-3C465AE8E230}.Release|Any CPU.Build.0 = Release|Any CPU
		{74FB42F3-B902-4275-8187-DB35CEB3500A}.Debug|Any CPU.ActiveCfg = Debug|Any CPU
		{74FB42F3-B902-4275-8187-DB35CEB3500A}.Debug|Any CPU.Build.0 = Debug|Any CPU
		{74FB42F3-B902-4275-8187-DB35CEB3500A}.Release|Any CPU.ActiveCfg = Release|Any CPU
		{74FB42F3-B902-4275-8187-DB35CEB3500A}.Release|Any CPU.Build.0 = Release|Any CPU
		{1372E677-7E88-474A-91FA-6EA174B88E79}.Debug|Any CPU.ActiveCfg = Debug|Any CPU
		{1372E677-7E88-474A-91FA-6EA174B88E79}.Debug|Any CPU.Build.0 = Debug|Any CPU
		{1372E677-7E88-474A-91FA-6EA174B88E79}.Release|Any CPU.ActiveCfg = Release|Any CPU
		{1372E677-7E88-474A-91FA-6EA174B88E79}.Release|Any CPU.Build.0 = Release|Any CPU
	EndGlobalSection
	GlobalSection(SolutionProperties) = preSolution
		HideSolutionNode = FALSE
	EndGlobalSection
	GlobalSection(ExtensibilityGlobals) = postSolution
		SolutionGuid = {DDED8F45-3509-4F5A-9CBB-E15B8D710E13}
	EndGlobalSection
EndGlobal
